
Microsoft Visual Studio Solution File, Format Version 12.00
# Visual Studio Version 16
VisualStudioVersion = 16.0.29920.165
MinimumVisualStudioVersion = 10.0.40219.1
Project("{FAE04EC0-301F-11D3-BF4B-00C04F79EFBC}") = "Exercise9", "Exercise9\Exercise9.csproj", "{FCD09064-FC9A-42BE-BF06-553BC78021AD}"
EndProject
Global
	GlobalSection(SolutionConfigurationPlatforms) = preSolution
		Debug|Any CPU = Debug|Any CPU
		Release|Any CPU = Release|Any CPU
	EndGlobalSection
	GlobalSection(ProjectConfigurationPlatforms) = postSolution
		{FCD09064-FC9A-42BE-BF06-553BC78021AD}.Debug|Any CPU.ActiveCfg = Debug|Any CPU
		{FCD09064-FC9A-42BE-BF06-553BC78021AD}.Debug|Any CPU.Build.0 = Debug|Any CPU
		{FCD09064-FC9A-42BE-BF06-553BC78021AD}.Release|Any CPU.ActiveCfg = Release|Any CPU
		{FCD09064-FC9A-42BE-BF06-553BC78021AD}.Release|Any CPU.Build.0 = Release|Any CPU
	EndGlobalSection
	GlobalSection(SolutionProperties) = preSolution
		HideSolutionNode = FALSE
	EndGlobalSection
	GlobalSection(ExtensibilityGlobals) = postSolution
		SolutionGuid = {B567B058-D977-483E-8D3D-85ACE2296B08}
	EndGlobalSection
EndGlobal
